
Microsoft Visual Studio Solution File, Format Version 12.00
# Visual Studio 15
VisualStudioVersion = 15.0.27703.2035
MinimumVisualStudioVersion = 10.0.40219.1
Project("{FAE04EC0-301F-11D3-BF4B-00C04F79EFBC}") = "HomeSales", "HomeSales\HomeSales.csproj", "{677CD348-65DE-4D70-9A93-18D5B2D72DE4}"
EndProject
Global
	GlobalSection(SolutionConfigurationPlatforms) = preSolution
		Debug|Any CPU = Debug|Any CPU
		Release|Any CPU = Release|Any CPU
	EndGlobalSection
	GlobalSection(ProjectConfigurationPlatforms) = postSolution
		{677CD348-65DE-4D70-9A93-18D5B2D72DE4}.Debug|Any CPU.ActiveCfg = Debug|Any CPU
		{677CD348-65DE-4D70-9A93-18D5B2D72DE4}.Debug|Any CPU.Build.0 = Debug|Any CPU
		{677CD348-65DE-4D70-9A93-18D5B2D72DE4}.Release|Any CPU.ActiveCfg = Release|Any CPU
		{677CD348-65DE-4D70-9A93-18D5B2D72DE4}.Release|Any CPU.Build.0 = Release|Any CPU
	EndGlobalSection
	GlobalSection(SolutionProperties) = preSolution
		HideSolutionNode = FALSE
	EndGlobalSection
	GlobalSection(ExtensibilityGlobals) = postSolution
		SolutionGuid = {C1066053-9444-4C97-93C5-B6761A8B1C97}
	EndGlobalSection
EndGlobal
